// !$*UTF8*$!
{
	archiveVersion = 1;
	classes = {
	};
	objectVersion = 50;
	objects = {

/* Begin PBXBuildFile section */
		3FB2EBD424C20F3F005360AC /* AppDelegate.swift in Sources */ = {isa = PBXBuildFile; fileRef = 3FB2EBD324C20F3F005360AC /* AppDelegate.swift */; };
		3FB2EBD624C20F3F005360AC /* SceneDelegate.swift in Sources */ = {isa = PBXBuildFile; fileRef = 3FB2EBD524C20F3F005360AC /* SceneDelegate.swift */; };
		3FB2EBD824C20F3F005360AC /* ViewController.swift in Sources */ = {isa = PBXBuildFile; fileRef = 3FB2EBD724C20F3F005360AC /* ViewController.swift */; };
		3FB2EBDB24C20F3F005360AC /* Main.storyboard in Resources */ = {isa = PBXBuildFile; fileRef = 3FB2EBD924C20F3F005360AC /* Main.storyboard */; };
		3FB2EBDD24C20F40005360AC /* Assets.xcassets in Resources */ = {isa = PBXBuildFile; fileRef = 3FB2EBDC24C20F40005360AC /* Assets.xcassets */; };
		3FB2EBE024C20F40005360AC /* LaunchScreen.storyboard in Resources */ = {isa = PBXBuildFile; fileRef = 3FB2EBDE24C20F40005360AC /* LaunchScreen.storyboard */; };
		3FB2EBEB24C20F40005360AC /* OperatorsTests.swift in Sources */ = {isa = PBXBuildFile; fileRef = 3FB2EBEA24C20F40005360AC /* OperatorsTests.swift */; };
		3FB2EBF624C20F40005360AC /* OperatorsUITests.swift in Sources */ = {isa = PBXBuildFile; fileRef = 3FB2EBF524C20F40005360AC /* OperatorsUITests.swift */; };
/* End PBXBuildFile section */

/* Begin PBXContainerItemProxy section */
		3FB2EBE724C20F40005360AC /* PBXContainerItemProxy */ = {
			isa = PBXContainerItemProxy;
			containerPortal = 3FB2EBC824C20F3F005360AC /* Project object */;
			proxyType = 1;
			remoteGlobalIDString = 3FB2EBCF24C20F3F005360AC;
			remoteInfo = Operators;
		};
		3FB2EBF224C20F40005360AC /* PBXContainerItemProxy */ = {
			isa = PBXContainerItemProxy;
			containerPortal = 3FB2EBC824C20F3F005360AC /* Project object */;
			proxyType = 1;
			remoteGlobalIDString = 3FB2EBCF24C20F3F005360AC;
			remoteInfo = Operators;
		};
/* End PBXContainerItemProxy section */

/* Begin PBXFileReference section */
		3FB2EBD024C20F3F005360AC /* Operators.app */ = {isa = PBXFileReference; explicitFileType = wrapper.application; includeInIndex = 0; path = Operators.app; sourceTree = BUILT_PRODUCTS_DIR; };
		3FB2EBD324C20F3F005360AC /* AppDelegate.swift */ = {isa = PBXFileReference; lastKnownFileType = sourcecode.swift; path = AppDelegate.swift; sourceTree = "<group>"; };
		3FB2EBD524C20F3F005360AC /* SceneDelegate.swift */ = {isa = PBXFileReference; lastKnownFileType = sourcecode.swift; path = SceneDelegate.swift; sourceTree = "<group>"; };
		3FB2EBD724C20F3F005360AC /* ViewController.swift */ = {isa = PBXFileReference; lastKnownFileType = sourcecode.swift; path = ViewController.swift; sourceTree = "<group>"; };
		3FB2EBDA24C20F3F005360AC /* Base */ = {isa = PBXFileReference; lastKnownFileType = file.storyboard; name = Base; path = Base.lproj/Main.storyboard; sourceTree = "<group>"; };
		3FB2EBDC24C20F40005360AC /* Assets.xcassets */ = {isa = PBXFileReference; lastKnownFileType = folder.assetcatalog; path = Assets.xcassets; sourceTree = "<group>"; };
		3FB2EBDF24C20F40005360AC /* Base */ = {isa = PBXFileReference; lastKnownFileType = file.storyboard; name = Base; path = Base.lproj/LaunchScreen.storyboard; sourceTree = "<group>"; };
		3FB2EBE124C20F40005360AC /* Info.plist */ = {isa = PBXFileReference; lastKnownFileType = text.plist.xml; path = Info.plist; sourceTree = "<group>"; };
		3FB2EBE624C20F40005360AC /* OperatorsTests.xctest */ = {isa = PBXFileReference; explicitFileType = wrapper.cfbundle; includeInIndex = 0; path = OperatorsTests.xctest; sourceTree = BUILT_PRODUCTS_DIR; };
		3FB2EBEA24C20F40005360AC /* OperatorsTests.swift */ = {isa = PBXFileReference; lastKnownFileType = sourcecode.swift; path = OperatorsTests.swift; sourceTree = "<group>"; };
		3FB2EBEC24C20F40005360AC /* Info.plist */ = {isa = PBXFileReference; lastKnownFileType = text.plist.xml; path = Info.plist; sourceTree = "<group>"; };
		3FB2EBF124C20F40005360AC /* OperatorsUITests.xctest */ = {isa = PBXFileReference; explicitFileType = wrapper.cfbundle; includeInIndex = 0; path = OperatorsUITests.xctest; sourceTree = BUILT_PRODUCTS_DIR; };
		3FB2EBF524C20F40005360AC /* OperatorsUITests.swift */ = {isa = PBXFileReference; lastKnownFileType = sourcecode.swift; path = OperatorsUITests.swift; sourceTree = "<group>"; };
		3FB2EBF724C20F40005360AC /* Info.plist */ = {isa = PBXFileReference; lastKnownFileType = text.plist.xml; path = Info.plist; sourceTree = "<group>"; };
/* End PBXFileReference section */

/* Begin PBXFrameworksBuildPhase section */
		3FB2EBCD24C20F3F005360AC /* Frameworks */ = {
			isa = PBXFrameworksBuildPhase;
			buildActionMask = 2147483647;
			files = (
			);
			runOnlyForDeploymentPostprocessing = 0;
		};
		3FB2EBE324C20F40005360AC /* Frameworks */ = {
			isa = PBXFrameworksBuildPhase;
			buildActionMask = 2147483647;
			files = (
			);
			runOnlyForDeploymentPostprocessing = 0;
		};
		3FB2EBEE24C20F40005360AC /* Frameworks */ = {
			isa = PBXFrameworksBuildPhase;
			buildActionMask = 2147483647;
			files = (
			);
			runOnlyForDeploymentPostprocessing = 0;
		};
/* End PBXFrameworksBuildPhase section */

/* Begin PBXGroup section */
		3FB2EBC724C20F3F005360AC = {
			isa = PBXGroup;
			children = (
				3FB2EBD224C20F3F005360AC /* Operators */,
				3FB2EBE924C20F40005360AC /* OperatorsTests */,
				3FB2EBF424C20F40005360AC /* OperatorsUITests */,
				3FB2EBD124C20F3F005360AC /* Products */,
			);
			sourceTree = "<group>";
		};
		3FB2EBD124C20F3F005360AC /* Products */ = {
			isa = PBXGroup;
			children = (
				3FB2EBD024C20F3F005360AC /* Operators.app */,
				3FB2EBE624C20F40005360AC /* OperatorsTests.xctest */,
				3FB2EBF124C20F40005360AC /* OperatorsUITests.xctest */,
			);
			name = Products;
			sourceTree = "<group>";
		};
		3FB2EBD224C20F3F005360AC /* Operators */ = {
			isa = PBXGroup;
			children = (
				3FB2EBD324C20F3F005360AC /* AppDelegate.swift */,
				3FB2EBD524C20F3F005360AC /* SceneDelegate.swift */,
				3FB2EBD724C20F3F005360AC /* ViewController.swift */,
				3FB2EBD924C20F3F005360AC /* Main.storyboard */,
				3FB2EBDC24C20F40005360AC /* Assets.xcassets */,
				3FB2EBDE24C20F40005360AC /* LaunchScreen.storyboard */,
				3FB2EBE124C20F40005360AC /* Info.plist */,
			);
			path = Operators;
			sourceTree = "<group>";
		};
		3FB2EBE924C20F40005360AC /* OperatorsTests */ = {
			isa = PBXGroup;
			children = (
				3FB2EBEA24C20F40005360AC /* OperatorsTests.swift */,
				3FB2EBEC24C20F40005360AC /* Info.plist */,
			);
			path = OperatorsTests;
			sourceTree = "<group>";
		};
		3FB2EBF424C20F40005360AC /* OperatorsUITests */ = {
			isa = PBXGroup;
			children = (
				3FB2EBF524C20F40005360AC /* OperatorsUITests.swift */,
				3FB2EBF724C20F40005360AC /* Info.plist */,
			);
			path = OperatorsUITests;
			sourceTree = "<group>";
		};
/* End PBXGroup section */

/* Begin PBXNativeTarget section */
		3FB2EBCF24C20F3F005360AC /* Operators */ = {
			isa = PBXNativeTarget;
			buildConfigurationList = 3FB2EBFA24C20F40005360AC /* Build configuration list for PBXNativeTarget "Operators" */;
			buildPhases = (
				3FB2EBCC24C20F3F005360AC /* Sources */,
				3FB2EBCD24C20F3F005360AC /* Frameworks */,
				3FB2EBCE24C20F3F005360AC /* Resources */,
			);
			buildRules = (
			);
			dependencies = (
			);
			name = Operators;
			productName = Operators;
			productReference = 3FB2EBD024C20F3F005360AC /* Operators.app */;
			productType = "com.apple.product-type.application";
		};
		3FB2EBE524C20F40005360AC /* OperatorsTests */ = {
			isa = PBXNativeTarget;
			buildConfigurationList = 3FB2EBFD24C20F40005360AC /* Build configuration list for PBXNativeTarget "OperatorsTests" */;
			buildPhases = (
				3FB2EBE224C20F40005360AC /* Sources */,
				3FB2EBE324C20F40005360AC /* Frameworks */,
				3FB2EBE424C20F40005360AC /* Resources */,
			);
			buildRules = (
			);
			dependencies = (
				3FB2EBE824C20F40005360AC /* PBXTargetDependency */,
			);
			name = OperatorsTests;
			productName = OperatorsTests;
			productReference = 3FB2EBE624C20F40005360AC /* OperatorsTests.xctest */;
			productType = "com.apple.product-type.bundle.unit-test";
		};
		3FB2EBF024C20F40005360AC /* OperatorsUITests */ = {
			isa = PBXNativeTarget;
			buildConfigurationList = 3FB2EC0024C20F40005360AC /* Build configuration list for PBXNativeTarget "OperatorsUITests" */;
			buildPhases = (
				3FB2EBED24C20F40005360AC /* Sources */,
				3FB2EBEE24C20F40005360AC /* Frameworks */,
				3FB2EBEF24C20F40005360AC /* Resources */,
			);
			buildRules = (
			);
			dependencies = (
				3FB2EBF324C20F40005360AC /* PBXTargetDependency */,
			);
			name = OperatorsUITests;
			productName = OperatorsUITests;
			productReference = 3FB2EBF124C20F40005360AC /* OperatorsUITests.xctest */;
			productType = "com.apple.product-type.bundle.ui-testing";
		};
/* End PBXNativeTarget section */

/* Begin PBXProject section */
		3FB2EBC824C20F3F005360AC /* Project object */ = {
			isa = PBXProject;
			attributes = {
				LastSwiftUpdateCheck = 1130;
				LastUpgradeCheck = 1130;
				ORGANIZATIONNAME = Morgan;
				TargetAttributes = {
					3FB2EBCF24C20F3F005360AC = {
						CreatedOnToolsVersion = 11.3.1;
					};
					3FB2EBE524C20F40005360AC = {
						CreatedOnToolsVersion = 11.3.1;
						TestTargetID = 3FB2EBCF24C20F3F005360AC;
					};
					3FB2EBF024C20F40005360AC = {
						CreatedOnToolsVersion = 11.3.1;
						TestTargetID = 3FB2EBCF24C20F3F005360AC;
					};
				};
			};
			buildConfigurationList = 3FB2EBCB24C20F3F005360AC /* Build configuration list for PBXProject "Operators" */;
			compatibilityVersion = "Xcode 9.3";
			developmentRegion = en;
			hasScannedForEncodings = 0;
			knownRegions = (
				en,
				Base,
			);
			mainGroup = 3FB2EBC724C20F3F005360AC;
			productRefGroup = 3FB2EBD124C20F3F005360AC /* Products */;
			projectDirPath = "";
			projectRoot = "";
			targets = (
				3FB2EBCF24C20F3F005360AC /* Operators */,
				3FB2EBE524C20F40005360AC /* OperatorsTests */,
				3FB2EBF024C20F40005360AC /* OperatorsUITests */,
			);
		};
/* End PBXProject section */

/* Begin PBXResourcesBuildPhase section */
		3FB2EBCE24C20F3F005360AC /* Resources */ = {
			isa = PBXResourcesBuildPhase;
			buildActionMask = 2147483647;
			files = (
				3FB2EBE024C20F40005360AC /* LaunchScreen.storyboard in Resources */,
				3FB2EBDD24C20F40005360AC /* Assets.xcassets in Resources */,
				3FB2EBDB24C20F3F005360AC /* Main.storyboard in Resources */,
			);
			runOnlyForDeploymentPostprocessing = 0;
		};
		3FB2EBE424C20F40005360AC /* Resources */ = {
			isa = PBXResourcesBuildPhase;
			buildActionMask = 2147483647;
			files = (
			);
			runOnlyForDeploymentPostprocessing = 0;
		};
		3FB2EBEF24C20F40005360AC /* Resources */ = {
			isa = PBXResourcesBuildPhase;
			buildActionMask = 2147483647;
			files = (
			);
			runOnlyForDeploymentPostprocessing = 0;
		};
/* End PBXResourcesBuildPhase section */

/* Begin PBXSourcesBuildPhase section */
		3FB2EBCC24C20F3F005360AC /* Sources */ = {
			isa = PBXSourcesBuildPhase;
			buildActionMask = 2147483647;
			files = (
				3FB2EBD824C20F3F005360AC /* ViewController.swift in Sources */,
				3FB2EBD424C20F3F005360AC /* AppDelegate.swift in Sources */,
				3FB2EBD624C20F3F005360AC /* SceneDelegate.swift in Sources */,
			);
			runOnlyForDeploymentPostprocessing = 0;
		};
		3FB2EBE224C20F40005360AC /* Sources */ = {
			isa = PBXSourcesBuildPhase;
			buildActionMask = 2147483647;
			files = (
				3FB2EBEB24C20F40005360AC /* OperatorsTests.swift in Sources */,
			);
			runOnlyForDeploymentPostprocessing = 0;
		};
		3FB2EBED24C20F40005360AC /* Sources */ = {
			isa = PBXSourcesBuildPhase;
			buildActionMask = 2147483647;
			files = (
				3FB2EBF624C20F40005360AC /* OperatorsUITests.swift in Sources */,
			);
			runOnlyForDeploymentPostprocessing = 0;
		};
/* End PBXSourcesBuildPhase section */

/* Begin PBXTargetDependency section */
		3FB2EBE824C20F40005360AC /* PBXTargetDependency */ = {
			isa = PBXTargetDependency;
			target = 3FB2EBCF24C20F3F005360AC /* Operators */;
			targetProxy = 3FB2EBE724C20F40005360AC /* PBXContainerItemProxy */;
		};
		3FB2EBF324C20F40005360AC /* PBXTargetDependency */ = {
			isa = PBXTargetDependency;
			target = 3FB2EBCF24C20F3F005360AC /* Operators */;
			targetProxy = 3FB2EBF224C20F40005360AC /* PBXContainerItemProxy */;
		};
/* End PBXTargetDependency section */

/* Begin PBXVariantGroup section */
		3FB2EBD924C20F3F005360AC /* Main.storyboard */ = {
			isa = PBXVariantGroup;
			children = (
				3FB2EBDA24C20F3F005360AC /* Base */,
			);
			name = Main.storyboard;
			sourceTree = "<group>";
		};
		3FB2EBDE24C20F40005360AC /* LaunchScreen.storyboard */ = {
			isa = PBXVariantGroup;
			children = (
				3FB2EBDF24C20F40005360AC /* Base */,
			);
			name = LaunchScreen.storyboard;
			sourceTree = "<group>";
		};
/* End PBXVariantGroup section */

/* Begin XCBuildConfiguration section */
		3FB2EBF824C20F40005360AC /* Debug */ = {
			isa = XCBuildConfiguration;
			buildSettings = {
				ALWAYS_SEARCH_USER_PATHS = NO;
				CLANG_ANALYZER_NONNULL = YES;
				CLANG_ANALYZER_NUMBER_OBJECT_CONVERSION = YES_AGGRESSIVE;
				CLANG_CXX_LANGUAGE_STANDARD = "gnu++14";
				CLANG_CXX_LIBRARY = "libc++";
				CLANG_ENABLE_MODULES = YES;
				CLANG_ENABLE_OBJC_ARC = YES;
				CLANG_ENABLE_OBJC_WEAK = YES;
				CLANG_WARN_BLOCK_CAPTURE_AUTORELEASING = YES;
				CLANG_WARN_BOOL_CONVERSION = YES;
				CLANG_WARN_COMMA = YES;
				CLANG_WARN_CONSTANT_CONVERSION = YES;
				CLANG_WARN_DEPRECATED_OBJC_IMPLEMENTATIONS = YES;
				CLANG_WARN_DIRECT_OBJC_ISA_USAGE = YES_ERROR;
				CLANG_WARN_DOCUMENTATION_COMMENTS = YES;
				CLANG_WARN_EMPTY_BODY = YES;
				CLANG_WARN_ENUM_CONVERSION = YES;
				CLANG_WARN_INFINITE_RECURSION = YES;
				CLANG_WARN_INT_CONVERSION = YES;
				CLANG_WARN_NON_LITERAL_NULL_CONVERSION = YES;
				CLANG_WARN_OBJC_IMPLICIT_RETAIN_SELF = YES;
				CLANG_WARN_OBJC_LITERAL_CONVERSION = YES;
				CLANG_WARN_OBJC_ROOT_CLASS = YES_ERROR;
				CLANG_WARN_RANGE_LOOP_ANALYSIS = YES;
				CLANG_WARN_STRICT_PROTOTYPES = YES;
				CLANG_WARN_SUSPICIOUS_MOVE = YES;
				CLANG_WARN_UNGUARDED_AVAILABILITY = YES_AGGRESSIVE;
				CLANG_WARN_UNREACHABLE_CODE = YES;
				CLANG_WARN__DUPLICATE_METHOD_MATCH = YES;
				COPY_PHASE_STRIP = NO;
				DEBUG_INFORMATION_FORMAT = dwarf;
				ENABLE_STRICT_OBJC_MSGSEND = YES;
				ENABLE_TESTABILITY = YES;
				GCC_C_LANGUAGE_STANDARD = gnu11;
				GCC_DYNAMIC_NO_PIC = NO;
				GCC_NO_COMMON_BLOCKS = YES;
				GCC_OPTIMIZATION_LEVEL = 0;
				GCC_PREPROCESSOR_DEFINITIONS = (
					"DEBUG=1",
					"$(inherited)",
				);
				GCC_WARN_64_TO_32_BIT_CONVERSION = YES;
				GCC_WARN_ABOUT_RETURN_TYPE = YES_ERROR;
				GCC_WARN_UNDECLARED_SELECTOR = YES;
				GCC_WARN_UNINITIALIZED_AUTOS = YES_AGGRESSIVE;
				GCC_WARN_UNUSED_FUNCTION = YES;
				GCC_WARN_UNUSED_VARIABLE = YES;
				IPHONEOS_DEPLOYMENT_TARGET = 13.2;
				MTL_ENABLE_DEBUG_INFO = INCLUDE_SOURCE;
				MTL_FAST_MATH = YES;
				ONLY_ACTIVE_ARCH = YES;
				SDKROOT = iphoneos;
				SWIFT_ACTIVE_COMPILATION_CONDITIONS = DEBUG;
				SWIFT_OPTIMIZATION_LEVEL = "-Onone";
			};
			name = Debug;
		};
		3FB2EBF924C20F40005360AC /* Release */ = {
			isa = XCBuildConfiguration;
			buildSettings = {
				ALWAYS_SEARCH_USER_PATHS = NO;
				CLANG_ANALYZER_NONNULL = YES;
				CLANG_ANALYZER_NUMBER_OBJECT_CONVERSION = YES_AGGRESSIVE;
				CLANG_CXX_LANGUAGE_STANDARD = "gnu++14";
				CLANG_CXX_LIBRARY = "libc++";
				CLANG_ENABLE_MODULES = YES;
				CLANG_ENABLE_OBJC_ARC = YES;
				CLANG_ENABLE_OBJC_WEAK = YES;
				CLANG_WARN_BLOCK_CAPTURE_AUTORELEASING = YES;
				CLANG_WARN_BOOL_CONVERSION = YES;
				CLANG_WARN_COMMA = YES;
				CLANG_WARN_CONSTANT_CONVERSION = YES;
				CLANG_WARN_DEPRECATED_OBJC_IMPLEMENTATIONS = YES;
				CLANG_WARN_DIRECT_OBJC_ISA_USAGE = YES_ERROR;
				CLANG_WARN_DOCUMENTATION_COMMENTS = YES;
				CLANG_WARN_EMPTY_BODY = YES;
				CLANG_WARN_ENUM_CONVERSION = YES;
				CLANG_WARN_INFINITE_RECURSION = YES;
				CLANG_WARN_INT_CONVERSION = YES;
				CLANG_WARN_NON_LITERAL_NULL_CONVERSION = YES;
				CLANG_WARN_OBJC_IMPLICIT_RETAIN_SELF = YES;
				CLANG_WARN_OBJC_LITERAL_CONVERSION = YES;
				CLANG_WARN_OBJC_ROOT_CLASS = YES_ERROR;
				CLANG_WARN_RANGE_LOOP_ANALYSIS = YES;
				CLANG_WARN_STRICT_PROTOTYPES = YES;
				CLANG_WARN_SUSPICIOUS_MOVE = YES;
				CLANG_WARN_UNGUARDED_AVAILABILITY = YES_AGGRESSIVE;
				CLANG_WARN_UNREACHABLE_CODE = YES;
				CLANG_WARN__DUPLICATE_METHOD_MATCH = YES;
				COPY_PHASE_STRIP = NO;
				DEBUG_INFORMATION_FORMAT = "dwarf-with-dsym";
				ENABLE_NS_ASSERTIONS = NO;
				ENABLE_STRICT_OBJC_MSGSEND = YES;
				GCC_C_LANGUAGE_STANDARD = gnu11;
				GCC_NO_COMMON_BLOCKS = YES;
				GCC_WARN_64_TO_32_BIT_CONVERSION = YES;
				GCC_WARN_ABOUT_RETURN_TYPE = YES_ERROR;
				GCC_WARN_UNDECLARED_SELECTOR = YES;
				GCC_WARN_UNINITIALIZED_AUTOS = YES_AGGRESSIVE;
				GCC_WARN_UNUSED_FUNCTION = YES;
				GCC_WARN_UNUSED_VARIABLE = YES;
				IPHONEOS_DEPLOYMENT_TARGET = 13.2;
				MTL_ENABLE_DEBUG_INFO = NO;
				MTL_FAST_MATH = YES;
				SDKROOT = iphoneos;
				SWIFT_COMPILATION_MODE = wholemodule;
				SWIFT_OPTIMIZATION_LEVEL = "-O";
				VALIDATE_PRODUCT = YES;
			};
			name = Release;
		};
		3FB2EBFB24C20F40005360AC /* Debug */ = {
			isa = XCBuildConfiguration;
			buildSettings = {
				ASSETCATALOG_COMPILER_APPICON_NAME = AppIcon;
				CODE_SIGN_STYLE = Automatic;
				INFOPLIST_FILE = Operators/Info.plist;
				LD_RUNPATH_SEARCH_PATHS = (
					"$(inherited)",
					"@executable_path/Frameworks",
				);
				PRODUCT_BUNDLE_IDENTIFIER = admin.Operators;
				PRODUCT_NAME = "$(TARGET_NAME)";
				SWIFT_VERSION = 5.0;
				TARGETED_DEVICE_FAMILY = "1,2";
			};
			name = Debug;
		};
		3FB2EBFC24C20F40005360AC /* Release */ = {
			isa = XCBuildConfiguration;
			buildSettings = {
				ASSETCATALOG_COMPILER_APPICON_NAME = AppIcon;
				CODE_SIGN_STYLE = Automatic;
				INFOPLIST_FILE = Operators/Info.plist;
				LD_RUNPATH_SEARCH_PATHS = (
					"$(inherited)",
					"@executable_path/Frameworks",
				);
				PRODUCT_BUNDLE_IDENTIFIER = admin.Operators;
				PRODUCT_NAME = "$(TARGET_NAME)";
				SWIFT_VERSION = 5.0;
				TARGETED_DEVICE_FAMILY = "1,2";
			};
			name = Release;
		};
		3FB2EBFE24C20F40005360AC /* Debug */ = {
			isa = XCBuildConfiguration;
			buildSettings = {
				ALWAYS_EMBED_SWIFT_STANDARD_LIBRARIES = YES;
				BUNDLE_LOADER = "$(TEST_HOST)";
				CODE_SIGN_STYLE = Automatic;
				INFOPLIST_FILE = OperatorsTests/Info.plist;
				IPHONEOS_DEPLOYMENT_TARGET = 13.2;
				LD_RUNPATH_SEARCH_PATHS = (
					"$(inherited)",
					"@executable_path/Frameworks",
					"@loader_path/Frameworks",
				);
				PRODUCT_BUNDLE_IDENTIFIER = admin.OperatorsTests;
				PRODUCT_NAME = "$(TARGET_NAME)";
				SWIFT_VERSION = 5.0;
				TARGETED_DEVICE_FAMILY = "1,2";
				TEST_HOST = "$(BUILT_PRODUCTS_DIR)/Operators.app/Operators";
			};
			name = Debug;
		};
		3FB2EBFF24C20F40005360AC /* Release */ = {
			isa = XCBuildConfiguration;
			buildSettings = {
				ALWAYS_EMBED_SWIFT_STANDARD_LIBRARIES = YES;
				BUNDLE_LOADER = "$(TEST_HOST)";
				CODE_SIGN_STYLE = Automatic;
				INFOPLIST_FILE = OperatorsTests/Info.plist;
				IPHONEOS_DEPLOYMENT_TARGET = 13.2;
				LD_RUNPATH_SEARCH_PATHS = (
					"$(inherited)",
					"@executable_path/Frameworks",
					"@loader_path/Frameworks",
				);
				PRODUCT_BUNDLE_IDENTIFIER = admin.OperatorsTests;
				PRODUCT_NAME = "$(TARGET_NAME)";
				SWIFT_VERSION = 5.0;
				TARGETED_DEVICE_FAMILY = "1,2";
				TEST_HOST = "$(BUILT_PRODUCTS_DIR)/Operators.app/Operators";
			};
			name = Release;
		};
		3FB2EC0124C20F40005360AC /* Debug */ = {
			isa = XCBuildConfiguration;
			buildSettings = {
				ALWAYS_EMBED_SWIFT_STANDARD_LIBRARIES = YES;
				CODE_SIGN_STYLE = Automatic;
				INFOPLIST_FILE = OperatorsUITests/Info.plist;
				LD_RUNPATH_SEARCH_PATHS = (
					"$(inherited)",
					"@executable_path/Frameworks",
					"@loader_path/Frameworks",
				);
				PRODUCT_BUNDLE_IDENTIFIER = admin.OperatorsUITests;
				PRODUCT_NAME = "$(TARGET_NAME)";
				SWIFT_VERSION = 5.0;
				TARGETED_DEVICE_FAMILY = "1,2";
				TEST_TARGET_NAME = Operators;
			};
			name = Debug;
		};
		3FB2EC0224C20F40005360AC /* Release */ = {
			isa = XCBuildConfiguration;
			buildSettings = {
				ALWAYS_EMBED_SWIFT_STANDARD_LIBRARIES = YES;
				CODE_SIGN_STYLE = Automatic;
				INFOPLIST_FILE = OperatorsUITests/Info.plist;
				LD_RUNPATH_SEARCH_PATHS = (
					"$(inherited)",
					"@executable_path/Frameworks",
					"@loader_path/Frameworks",
				);
				PRODUCT_BUNDLE_IDENTIFIER = admin.OperatorsUITests;
				PRODUCT_NAME = "$(TARGET_NAME)";
				SWIFT_VERSION = 5.0;
				TARGETED_DEVICE_FAMILY = "1,2";
				TEST_TARGET_NAME = Operators;
			};
			name = Release;
		};
/* End XCBuildConfiguration section */

/* Begin XCConfigurationList section */
		3FB2EBCB24C20F3F005360AC /* Build configuration list for PBXProject "Operators" */ = {
			isa = XCConfigurationList;
			buildConfigurations = (
				3FB2EBF824C20F40005360AC /* Debug */,
				3FB2EBF924C20F40005360AC /* Release */,
			);
			defaultConfigurationIsVisible = 0;
			defaultConfigurationName = Release;
		};
		3FB2EBFA24C20F40005360AC /* Build configuration list for PBXNativeTarget "Operators" */ = {
			isa = XCConfigurationList;
			buildConfigurations = (
				3FB2EBFB24C20F40005360AC /* Debug */,
				3FB2EBFC24C20F40005360AC /* Release */,
			);
			defaultConfigurationIsVisible = 0;
			defaultConfigurationName = Release;
		};
		3FB2EBFD24C20F40005360AC /* Build configuration list for PBXNativeTarget "OperatorsTests" */ = {
			isa = XCConfigurationList;
			buildConfigurations = (
				3FB2EBFE24C20F40005360AC /* Debug */,
				3FB2EBFF24C20F40005360AC /* Release */,
			);
			defaultConfigurationIsVisible = 0;
			defaultConfigurationName = Release;
		};
		3FB2EC0024C20F40005360AC /* Build configuration list for PBXNativeTarget "OperatorsUITests" */ = {
			isa = XCConfigurationList;
			buildConfigurations = (
				3FB2EC0124C20F40005360AC /* Debug */,
				3FB2EC0224C20F40005360AC /* Release */,
			);
			defaultConfigurationIsVisible = 0;
			defaultConfigurationName = Release;
		};
/* End XCConfigurationList section */
	};
	rootObject = 3FB2EBC824C20F3F005360AC /* Project object */;
}
